
Microsoft Visual Studio Solution File, Format Version 12.00
# Visual Studio Version 17
VisualStudioVersion = 17.7.34024.191
MinimumVisualStudioVersion = 10.0.40219.1
Project("{FAE04EC0-301F-11D3-BF4B-00C04F79EFBC}") = "CASEWEB", "CASEWEB\CASEWEB.csproj", "{DEDA60E7-7213-472E-9885-8799BF429E80}"
EndProject
Global
	GlobalSection(SolutionConfigurationPlatforms) = preSolution
		Debug|Any CPU = Debug|Any CPU
		Release|Any CPU = Release|Any CPU
	EndGlobalSection
	GlobalSection(ProjectConfigurationPlatforms) = postSolution
		{DEDA60E7-7213-472E-9885-8799BF429E80}.Debug|Any CPU.ActiveCfg = Debug|Any CPU
		{DEDA60E7-7213-472E-9885-8799BF429E80}.Debug|Any CPU.Build.0 = Debug|Any CPU
		{DEDA60E7-7213-472E-9885-8799BF429E80}.Release|Any CPU.ActiveCfg = Release|Any CPU
		{DEDA60E7-7213-472E-9885-8799BF429E80}.Release|Any CPU.Build.0 = Release|Any CPU
	EndGlobalSection
	GlobalSection(SolutionProperties) = preSolution
		HideSolutionNode = FALSE
	EndGlobalSection
	GlobalSection(ExtensibilityGlobals) = postSolution
		SolutionGuid = {ECB91437-6343-4FBD-A064-D03452EF5E39}
	EndGlobalSection
EndGlobal
